{
  "nodes": {
    "flake-utils": {
      "inputs": {
        "systems": "systems"
      },
      "locked": {
        "lastModified": 1731533236,
        "narHash": "sha256-l0KFg5HjrsfsO/JpG+r7fRrqm12kzFHyUHqHCVpMMbI=",
        "owner": "numtide",
        "repo": "flake-utils",
        "rev": "11707dc2f618dd54ca8739b309ec4fc024de578b",
        "type": "github"
      },
      "original": {
        "owner": "numtide",
        "repo": "flake-utils",
        "type": "github"
      }
    },
    "flake-utils_2": {
      "inputs": {
        "systems": "systems_2"
      },
      "locked": {
        "lastModified": 1731533236,
        "narHash": "sha256-l0KFg5HjrsfsO/JpG+r7fRrqm12kzFHyUHqHCVpMMbI=",
        "owner": "numtide",
        "repo": "flake-utils",
        "rev": "11707dc2f618dd54ca8739b309ec4fc024de578b",
        "type": "github"
      },
      "original": {
        "owner": "numtide",
        "repo": "flake-utils",
        "type": "github"
      }
    },
    "gomod2nix": {
      "inputs": {
        "flake-utils": [
          "psgen",
          "flake-utils"
        ],
        "nixpkgs": [
          "psgen",
          "nixpkgs"
        ]
      },
      "locked": {
        "lastModified": 1717050755,
        "narHash": "sha256-C9IEHABulv2zEDFA+Bf0E1nmfN4y6MIUe5eM2RCrDC0=",
        "owner": "tweag",
        "repo": "gomod2nix",
        "rev": "31b6d2e40b36456e792cd6cf50d5a8ddd2fa59a1",
        "type": "github"
      },
      "original": {
        "owner": "tweag",
        "repo": "gomod2nix",
        "type": "github"
      }
    },
    "lowrisc-nix": {
      "inputs": {
        "flake-utils": "flake-utils_2",
        "nixpkgs": "nixpkgs",
        "pyproject-build-systems": "pyproject-build-systems",
        "pyproject-nix": "pyproject-nix",
        "uv2nix": "uv2nix"
      },
      "locked": {
        "lastModified": 1747905730,
        "narHash": "sha256-ZeJn8A1aQYSahrbhvOY5i7r2mtxIeVvMw5xUV3lxE5w=",
        "owner": "lowrisc",
        "repo": "lowrisc-nix",
        "rev": "769c88c32a27d9847ca53429f014174a5f34a5a2",
        "type": "github"
      },
      "original": {
        "owner": "lowrisc",
        "repo": "lowrisc-nix",
        "type": "github"
      }
    },
    "lowrisc-nix-private": {
      "inputs": {
        "nixpkgs": [
          "nixpkgs"
        ]
      },
      "locked": {
        "lastModified": 1744886009,
        "narHash": "sha256-daNIb1m/+E7z8Pl3DrqQ5pKh/FIXi4+4e2erLoVSvsI=",
        "ref": "refs/heads/main",
        "rev": "0a7fa02ff7677d502b20e142c35ea56ccbab4fe4",
        "revCount": 5,
        "type": "git",
        "url": "ssh://git@github.com/lowRISC/lowrisc-nix-private.git"
      },
      "original": {
        "type": "git",
        "url": "ssh://git@github.com/lowRISC/lowrisc-nix-private.git"
      }
    },
    "lowrisc_sail": {
      "flake": false,
      "locked": {
        "lastModified": 1745587367,
        "narHash": "sha256-VbUampJQcjgnCi/9rRSC0V13i/MLBS75sfRrrc/HLpc=",
        "owner": "lowrisc",
        "repo": "sail",
        "rev": "4832414fca03b3103121a15a021939654050159b",
        "type": "github"
      },
      "original": {
        "owner": "lowrisc",
        "ref": "lowrisc",
        "repo": "sail",
        "type": "github"
      }
    },
    "lowrisc_sail_riscv": {
      "flake": false,
      "locked": {
        "lastModified": 1722338144,
        "narHash": "sha256-ALWgTa/AxCnHJlK/RSZ6856xK2lwHc6CzHGtf4d8C0s=",
        "owner": "lowrisc",
        "repo": "sail-riscv",
        "rev": "81a266b6f65365b34180af7b91708265da653878",
        "type": "github"
      },
      "original": {
        "owner": "lowrisc",
        "ref": "81a266b6f65365b34180af7b91708265da653878",
        "repo": "sail-riscv",
        "type": "github"
      }
    },
    "mkshell-minimal": {
      "locked": {
        "lastModified": 1700988624,
        "narHash": "sha256-KJyiF67zVYOBkNltKhJATfSj+gfRFX9dSFIWDEBy2nQ=",
        "owner": "viperML",
        "repo": "mkshell-minimal",
        "rev": "6b0868be06da900b5fe6ece05616b84e3cbd7944",
        "type": "github"
      },
      "original": {
        "owner": "viperML",
        "repo": "mkshell-minimal",
        "type": "github"
      }
    },
    "nixpkgs": {
      "locked": {
        "lastModified": 1747485343,
        "narHash": "sha256-YbsZyuRE1tobO9sv0PUwg81QryYo3L1F3R3rF9bcG38=",
        "owner": "NixOS",
        "repo": "nixpkgs",
        "rev": "9b5ac7ad45298d58640540d0323ca217f32a6762",
        "type": "github"
      },
      "original": {
        "owner": "NixOS",
        "ref": "nixos-24.11",
        "repo": "nixpkgs",
        "type": "github"
      }
    },
    "nixpkgs_2": {
      "locked": {
        "lastModified": 1748026106,
        "narHash": "sha256-6m1Y3/4pVw1RWTsrkAK2VMYSzG4MMIj7sqUy7o8th1o=",
        "owner": "NixOS",
        "repo": "nixpkgs",
        "rev": "063f43f2dbdef86376cc29ad646c45c46e93234c",
        "type": "github"
      },
      "original": {
        "owner": "NixOS",
        "ref": "nixos-unstable",
        "repo": "nixpkgs",
        "type": "github"
      }
    },
    "nixpkgs_3": {
      "locked": {
        "lastModified": 1742669843,
        "narHash": "sha256-G5n+FOXLXcRx+3hCJ6Rt6ZQyF1zqQ0DL0sWAMn2Nk0w=",
        "owner": "nixos",
        "repo": "nixpkgs",
        "rev": "1e5b653dff12029333a6546c11e108ede13052eb",
        "type": "github"
      },
      "original": {
        "owner": "nixos",
        "ref": "nixos-unstable",
        "repo": "nixpkgs",
        "type": "github"
      }
    },
    "nixpkgs_4": {
      "locked": {
        "lastModified": 1725103162,
        "narHash": "sha256-Ym04C5+qovuQDYL/rKWSR+WESseQBbNAe5DsXNx5trY=",
        "owner": "nixos",
        "repo": "nixpkgs",
        "rev": "12228ff1752d7b7624a54e9c1af4b222b3c1073b",
        "type": "github"
      },
      "original": {
        "owner": "nixos",
        "ref": "nixos-unstable",
        "repo": "nixpkgs",
        "type": "github"
      }
    },
    "psgen": {
      "inputs": {
        "flake-utils": [
          "flake-utils"
        ],
        "gomod2nix": "gomod2nix",
        "nixpkgs": [
          "nixpkgs"
        ]
      },
      "locked": {
        "lastModified": 1723038779,
        "narHash": "sha256-L/toJC6lyeVJy2Uswse8aCrhdt0mTxDfn8t0NpNVn/I=",
        "owner": "mndstrmr",
        "repo": "psgen",
        "rev": "2d0c1e0690cf6c3b9b1bf4f51bccab4698f4e21f",
        "type": "github"
      },
      "original": {
        "owner": "mndstrmr",
        "repo": "psgen",
        "type": "github"
      }
    },
    "pyproject-build-systems": {
      "inputs": {
        "nixpkgs": [
          "lowrisc-nix",
          "nixpkgs"
        ],
        "pyproject-nix": [
          "lowrisc-nix",
          "pyproject-nix"
        ],
        "uv2nix": [
          "lowrisc-nix",
          "uv2nix"
        ]
      },
      "locked": {
        "lastModified": 1744599653,
        "narHash": "sha256-nysSwVVjG4hKoOjhjvE6U5lIKA8sEr1d1QzEfZsannU=",
        "owner": "pyproject-nix",
        "repo": "build-system-pkgs",
        "rev": "7dba6dbc73120e15b558754c26024f6c93015dd7",
        "type": "github"
      },
      "original": {
        "owner": "pyproject-nix",
        "repo": "build-system-pkgs",
        "type": "github"
      }
    },
    "pyproject-build-systems_2": {
      "inputs": {
        "nixpkgs": [
          "nixpkgs"
        ],
        "pyproject-nix": [
          "pyproject-nix"
        ],
        "uv2nix": [
          "uv2nix"
        ]
      },
      "locked": {
        "lastModified": 1744599653,
        "narHash": "sha256-nysSwVVjG4hKoOjhjvE6U5lIKA8sEr1d1QzEfZsannU=",
        "owner": "pyproject-nix",
        "repo": "build-system-pkgs",
        "rev": "7dba6dbc73120e15b558754c26024f6c93015dd7",
        "type": "github"
      },
      "original": {
        "owner": "pyproject-nix",
        "repo": "build-system-pkgs",
        "type": "github"
      }
    },
    "pyproject-nix": {
      "inputs": {
        "nixpkgs": [
          "lowrisc-nix",
          "nixpkgs"
        ]
      },
      "locked": {
        "lastModified": 1746540146,
        "narHash": "sha256-QxdHGNpbicIrw5t6U3x+ZxeY/7IEJ6lYbvsjXmcxFIM=",
        "owner": "pyproject-nix",
        "repo": "pyproject.nix",
        "rev": "e09c10c24ebb955125fda449939bfba664c467fd",
        "type": "github"
      },
      "original": {
        "owner": "pyproject-nix",
        "repo": "pyproject.nix",
        "type": "github"
      }
    },
    "pyproject-nix_2": {
      "inputs": {
        "nixpkgs": "nixpkgs_3"
      },
      "locked": {
        "lastModified": 1746540146,
        "narHash": "sha256-QxdHGNpbicIrw5t6U3x+ZxeY/7IEJ6lYbvsjXmcxFIM=",
        "owner": "pyproject-nix",
        "repo": "pyproject.nix",
        "rev": "e09c10c24ebb955125fda449939bfba664c467fd",
        "type": "github"
      },
      "original": {
        "owner": "pyproject-nix",
        "repo": "pyproject.nix",
        "type": "github"
      }
    },
    "root": {
      "inputs": {
        "flake-utils": "flake-utils",
        "lowrisc-nix": "lowrisc-nix",
        "lowrisc-nix-private": "lowrisc-nix-private",
        "lowrisc_sail": "lowrisc_sail",
        "lowrisc_sail_riscv": "lowrisc_sail_riscv",
        "mkshell-minimal": "mkshell-minimal",
        "nixpkgs": "nixpkgs_2",
        "psgen": "psgen",
        "pyproject-build-systems": "pyproject-build-systems_2",
        "pyproject-nix": "pyproject-nix_2",
        "sv2v": "sv2v",
        "uv2nix": "uv2nix_2",
        "uv2nix_hammer_overrides": "uv2nix_hammer_overrides"
      }
    },
    "sv2v": {
      "flake": false,
      "locked": {
        "lastModified": 1747602263,
        "narHash": "sha256-pV27FpJlfgqTz5Rt9JTmJ+y2wdfzvSwV654181PUoE8=",
        "owner": "zachjs",
        "repo": "sv2v",
        "rev": "380c2b978a54e459ac216c9e6b7f1a4e31573a0e",
        "type": "github"
      },
      "original": {
        "owner": "zachjs",
        "repo": "sv2v",
        "type": "github"
      }
    },
    "systems": {
      "locked": {
        "lastModified": 1681028828,
        "narHash": "sha256-Vy1rq5AaRuLzOxct8nz4T6wlgyUR7zLU309k9mBC768=",
        "owner": "nix-systems",
        "repo": "default",
        "rev": "da67096a3b9bf56a91d16901293e51ba5b49a27e",
        "type": "github"
      },
      "original": {
        "owner": "nix-systems",
        "repo": "default",
        "type": "github"
      }
    },
    "systems_2": {
      "locked": {
        "lastModified": 1681028828,
        "narHash": "sha256-Vy1rq5AaRuLzOxct8nz4T6wlgyUR7zLU309k9mBC768=",
        "owner": "nix-systems",
        "repo": "default",
        "rev": "da67096a3b9bf56a91d16901293e51ba5b49a27e",
        "type": "github"
      },
      "original": {
        "owner": "nix-systems",
        "repo": "default",
        "type": "github"
      }
    },
    "systems_3": {
      "locked": {
        "lastModified": 1681028828,
        "narHash": "sha256-Vy1rq5AaRuLzOxct8nz4T6wlgyUR7zLU309k9mBC768=",
        "owner": "nix-systems",
        "repo": "default",
        "rev": "da67096a3b9bf56a91d16901293e51ba5b49a27e",
        "type": "github"
      },
      "original": {
        "id": "systems",
        "type": "indirect"
      }
    },
    "treefmt-nix": {
      "inputs": {
        "nixpkgs": "nixpkgs_4"
      },
      "locked": {
        "lastModified": 1725271838,
        "narHash": "sha256-VcqxWT0O/gMaeWTTjf1r4MOyG49NaNxW4GHTO3xuThE=",
        "owner": "numtide",
        "repo": "treefmt-nix",
        "rev": "9fb342d14b69aefdf46187f6bb80a4a0d97007cd",
        "type": "github"
      },
      "original": {
        "owner": "numtide",
        "repo": "treefmt-nix",
        "type": "github"
      }
    },
    "uv2nix": {
      "inputs": {
        "nixpkgs": [
          "lowrisc-nix",
          "nixpkgs"
        ],
        "pyproject-nix": [
          "lowrisc-nix",
          "pyproject-nix"
        ]
      },
      "locked": {
        "lastModified": 1747687528,
        "narHash": "sha256-9urawvSUYxO4fwwqar0fzTdK+rJwMCyNAGI3kG/gKSY=",
        "owner": "pyproject-nix",
        "repo": "uv2nix",
        "rev": "725bce88e0473efae20fd944be72cd1a0699491f",
        "type": "github"
      },
      "original": {
        "owner": "pyproject-nix",
        "repo": "uv2nix",
        "type": "github"
      }
    },
    "uv2nix_2": {
      "inputs": {
        "nixpkgs": [
          "nixpkgs"
        ],
        "pyproject-nix": [
          "pyproject-nix"
        ]
      },
      "locked": {
        "lastModified": 1747949765,
        "narHash": "sha256-1v8SFHOwUCvHDXFmQRjHZYawY19nxmtZ7zH/kwAGgj0=",
        "owner": "pyproject-nix",
        "repo": "uv2nix",
        "rev": "ec0502250b48116fd3aa8e1347a2d0254bacd05e",
        "type": "github"
      },
      "original": {
        "owner": "pyproject-nix",
        "repo": "uv2nix",
        "type": "github"
      }
    },
    "uv2nix_hammer_overrides": {
      "inputs": {
        "nixpkgs": [
          "nixpkgs"
        ],
        "systems": "systems_3",
        "treefmt-nix": "treefmt-nix"
      },
      "locked": {
        "lastModified": 1746706780,
        "narHash": "sha256-Y25VpNJJLBkXQypvgTEUXL3fdSZKTfcvTWPVfiUQ2lY=",
        "owner": "TyberiusPrime",
        "repo": "uv2nix_hammer_overrides",
        "rev": "9651d382a77096f78827f65b76eabd4652900ebb",
        "type": "github"
      },
      "original": {
        "owner": "TyberiusPrime",
        "repo": "uv2nix_hammer_overrides",
        "type": "github"
      }
    }
  },
  "root": "root",
  "version": 7
}
