{
  "nodes": {
    "flake-utils": {
      "inputs": {
        "systems": "systems"
      },
      "locked": {
        "lastModified": 1710146030,
        "narHash": "sha256-SZ5L6eA7HJ/nmkzGG7/ISclqe6oZdOZTNoesiInkXPQ=",
        "owner": "numtide",
        "repo": "flake-utils",
        "rev": "b1d9ab70662946ef0850d488da1c9019f3a9752a",
        "type": "github"
      },
      "original": {
        "owner": "numtide",
        "repo": "flake-utils",
        "type": "github"
      }
    },
    "gomod2nix": {
      "inputs": {
        "flake-utils": [
          "psgen",
          "flake-utils"
        ],
        "nixpkgs": [
          "psgen",
          "nixpkgs"
        ]
      },
      "locked": {
        "lastModified": 1717050755,
        "narHash": "sha256-C9IEHABulv2zEDFA+Bf0E1nmfN4y6MIUe5eM2RCrDC0=",
        "owner": "tweag",
        "repo": "gomod2nix",
        "rev": "31b6d2e40b36456e792cd6cf50d5a8ddd2fa59a1",
        "type": "github"
      },
      "original": {
        "owner": "tweag",
        "repo": "gomod2nix",
        "type": "github"
      }
    },
    "lowrisc-nix": {
      "inputs": {
        "flake-utils": [
          "flake-utils"
        ],
        "nixpkgs": [
          "nixpkgs"
        ],
        "poetry2nix": "poetry2nix",
        "rust-overlay": "rust-overlay"
      },
      "locked": {
        "lastModified": 1724163813,
        "narHash": "sha256-jdVhaKwR39AqQcSIe2euQkZwsu88qRcjsehO57tchVA=",
        "owner": "lowrisc",
        "repo": "lowrisc-nix",
        "rev": "7412a5a201df3e5837b42a9b831bdf5bb9105a3b",
        "type": "github"
      },
      "original": {
        "owner": "lowrisc",
        "repo": "lowrisc-nix",
        "type": "github"
      }
    },
    "lowrisc_sail": {
      "flake": false,
      "locked": {
        "lastModified": 1745587367,
        "narHash": "sha256-VbUampJQcjgnCi/9rRSC0V13i/MLBS75sfRrrc/HLpc=",
        "owner": "lowrisc",
        "repo": "sail",
        "rev": "4832414fca03b3103121a15a021939654050159b",
        "type": "github"
      },
      "original": {
        "owner": "lowrisc",
        "ref": "lowrisc",
        "repo": "sail",
        "type": "github"
      }
    },
    "lowrisc_sail_riscv": {
      "flake": false,
      "locked": {
        "lastModified": 1722338144,
        "narHash": "sha256-ALWgTa/AxCnHJlK/RSZ6856xK2lwHc6CzHGtf4d8C0s=",
        "owner": "lowrisc",
        "repo": "sail-riscv",
        "rev": "81a266b6f65365b34180af7b91708265da653878",
        "type": "github"
      },
      "original": {
        "owner": "lowrisc",
        "ref": "81a266b6f65365b34180af7b91708265da653878",
        "repo": "sail-riscv",
        "type": "github"
      }
    },
    "mkshell-minimal": {
      "locked": {
        "lastModified": 1700988624,
        "narHash": "sha256-KJyiF67zVYOBkNltKhJATfSj+gfRFX9dSFIWDEBy2nQ=",
        "owner": "viperML",
        "repo": "mkshell-minimal",
        "rev": "6b0868be06da900b5fe6ece05616b84e3cbd7944",
        "type": "github"
      },
      "original": {
        "owner": "viperML",
        "repo": "mkshell-minimal",
        "type": "github"
      }
    },
    "nix-github-actions": {
      "inputs": {
        "nixpkgs": [
          "lowrisc-nix",
          "poetry2nix",
          "nixpkgs"
        ]
      },
      "locked": {
        "lastModified": 1703863825,
        "narHash": "sha256-rXwqjtwiGKJheXB43ybM8NwWB8rO2dSRrEqes0S7F5Y=",
        "owner": "nix-community",
        "repo": "nix-github-actions",
        "rev": "5163432afc817cf8bd1f031418d1869e4c9d5547",
        "type": "github"
      },
      "original": {
        "owner": "nix-community",
        "repo": "nix-github-actions",
        "type": "github"
      }
    },
    "nix-github-actions_2": {
      "inputs": {
        "nixpkgs": [
          "poetry2nix",
          "nixpkgs"
        ]
      },
      "locked": {
        "lastModified": 1703863825,
        "narHash": "sha256-rXwqjtwiGKJheXB43ybM8NwWB8rO2dSRrEqes0S7F5Y=",
        "owner": "nix-community",
        "repo": "nix-github-actions",
        "rev": "5163432afc817cf8bd1f031418d1869e4c9d5547",
        "type": "github"
      },
      "original": {
        "owner": "nix-community",
        "repo": "nix-github-actions",
        "type": "github"
      }
    },
    "nixpkgs": {
      "locked": {
        "lastModified": 1724316499,
        "narHash": "sha256-Qb9MhKBUTCfWg/wqqaxt89Xfi6qTD3XpTzQ9eXi3JmE=",
        "owner": "NixOS",
        "repo": "nixpkgs",
        "rev": "797f7dc49e0bc7fab4b57c021cdf68f595e47841",
        "type": "github"
      },
      "original": {
        "id": "nixpkgs",
        "ref": "nixos-24.05",
        "type": "indirect"
      }
    },
    "poetry2nix": {
      "inputs": {
        "flake-utils": [
          "lowrisc-nix",
          "flake-utils"
        ],
        "nix-github-actions": "nix-github-actions",
        "nixpkgs": [
          "lowrisc-nix",
          "nixpkgs"
        ],
        "systems": "systems_2",
        "treefmt-nix": "treefmt-nix"
      },
      "locked": {
        "lastModified": 1723854676,
        "narHash": "sha256-+BrHfNuXrqeE7PoV6xDaoh0joYiJkvTTCIV0fFR3THw=",
        "owner": "nix-community",
        "repo": "poetry2nix",
        "rev": "d650118bce34c0238b9b54f23f7f173f9e4db867",
        "type": "github"
      },
      "original": {
        "owner": "nix-community",
        "repo": "poetry2nix",
        "type": "github"
      }
    },
    "poetry2nix_2": {
      "inputs": {
        "flake-utils": [
          "flake-utils"
        ],
        "nix-github-actions": "nix-github-actions_2",
        "nixpkgs": [
          "nixpkgs"
        ],
        "systems": "systems_3",
        "treefmt-nix": "treefmt-nix_2"
      },
      "locked": {
        "lastModified": 1724417163,
        "narHash": "sha256-gD0N0pnKxWJcKtbetlkKOIumS0Zovgxx/nMfOIJIzoI=",
        "owner": "nix-community",
        "repo": "poetry2nix",
        "rev": "7619e43c2b48c29e24b88a415256f09df96ec276",
        "type": "github"
      },
      "original": {
        "owner": "nix-community",
        "repo": "poetry2nix",
        "type": "github"
      }
    },
    "psgen": {
      "inputs": {
        "flake-utils": [
          "flake-utils"
        ],
        "gomod2nix": "gomod2nix",
        "nixpkgs": [
          "nixpkgs"
        ]
      },
      "locked": {
        "lastModified": 1723038779,
        "narHash": "sha256-L/toJC6lyeVJy2Uswse8aCrhdt0mTxDfn8t0NpNVn/I=",
        "owner": "mndstrmr",
        "repo": "psgen",
        "rev": "2d0c1e0690cf6c3b9b1bf4f51bccab4698f4e21f",
        "type": "github"
      },
      "original": {
        "owner": "mndstrmr",
        "repo": "psgen",
        "type": "github"
      }
    },
    "root": {
      "inputs": {
        "flake-utils": "flake-utils",
        "lowrisc-nix": "lowrisc-nix",
        "lowrisc_sail": "lowrisc_sail",
        "lowrisc_sail_riscv": "lowrisc_sail_riscv",
        "mkshell-minimal": "mkshell-minimal",
        "nixpkgs": "nixpkgs",
        "poetry2nix": "poetry2nix_2",
        "psgen": "psgen"
      }
    },
    "rust-overlay": {
      "inputs": {
        "nixpkgs": [
          "lowrisc-nix",
          "nixpkgs"
        ]
      },
      "locked": {
        "lastModified": 1724034091,
        "narHash": "sha256-b1g7w0sw+MDAhUAeCoX1vlTghsqcDZkxr+k9OZmxPa8=",
        "owner": "oxalica",
        "repo": "rust-overlay",
        "rev": "c7d36e0947826e0751a5214ffe82533fbc909bc0",
        "type": "github"
      },
      "original": {
        "owner": "oxalica",
        "repo": "rust-overlay",
        "type": "github"
      }
    },
    "systems": {
      "locked": {
        "lastModified": 1681028828,
        "narHash": "sha256-Vy1rq5AaRuLzOxct8nz4T6wlgyUR7zLU309k9mBC768=",
        "owner": "nix-systems",
        "repo": "default",
        "rev": "da67096a3b9bf56a91d16901293e51ba5b49a27e",
        "type": "github"
      },
      "original": {
        "owner": "nix-systems",
        "repo": "default",
        "type": "github"
      }
    },
    "systems_2": {
      "locked": {
        "lastModified": 1681028828,
        "narHash": "sha256-Vy1rq5AaRuLzOxct8nz4T6wlgyUR7zLU309k9mBC768=",
        "owner": "nix-systems",
        "repo": "default",
        "rev": "da67096a3b9bf56a91d16901293e51ba5b49a27e",
        "type": "github"
      },
      "original": {
        "id": "systems",
        "type": "indirect"
      }
    },
    "systems_3": {
      "locked": {
        "lastModified": 1681028828,
        "narHash": "sha256-Vy1rq5AaRuLzOxct8nz4T6wlgyUR7zLU309k9mBC768=",
        "owner": "nix-systems",
        "repo": "default",
        "rev": "da67096a3b9bf56a91d16901293e51ba5b49a27e",
        "type": "github"
      },
      "original": {
        "id": "systems",
        "type": "indirect"
      }
    },
    "treefmt-nix": {
      "inputs": {
        "nixpkgs": [
          "lowrisc-nix",
          "poetry2nix",
          "nixpkgs"
        ]
      },
      "locked": {
        "lastModified": 1719749022,
        "narHash": "sha256-ddPKHcqaKCIFSFc/cvxS14goUhCOAwsM1PbMr0ZtHMg=",
        "owner": "numtide",
        "repo": "treefmt-nix",
        "rev": "8df5ff62195d4e67e2264df0b7f5e8c9995fd0bd",
        "type": "github"
      },
      "original": {
        "owner": "numtide",
        "repo": "treefmt-nix",
        "type": "github"
      }
    },
    "treefmt-nix_2": {
      "inputs": {
        "nixpkgs": [
          "poetry2nix",
          "nixpkgs"
        ]
      },
      "locked": {
        "lastModified": 1719749022,
        "narHash": "sha256-ddPKHcqaKCIFSFc/cvxS14goUhCOAwsM1PbMr0ZtHMg=",
        "owner": "numtide",
        "repo": "treefmt-nix",
        "rev": "8df5ff62195d4e67e2264df0b7f5e8c9995fd0bd",
        "type": "github"
      },
      "original": {
        "owner": "numtide",
        "repo": "treefmt-nix",
        "type": "github"
      }
    }
  },
  "root": "root",
  "version": 7
}
